{
    "version": 3,
    "terraform_version": "0.11.11",
    "serial": 4,
    "lineage": "db37974c-80e8-4bfc-bcef-e745fcfdccd2",
    "modules": [
        {
            "path": [
                "root"
            ],
            "outputs": {},
            "resources": {
                "google_compute_disk.test-node-1-index-disk-.0": {
                    "type": "google_compute_disk",
                    "depends_on": [],
                    "primary": {
                        "id": "test-node-1-index-disk-0-data",
                        "attributes": {
                            "creation_timestamp": "2019-02-15T10:24:53.818-08:00",
                            "description": "",
                            "disk_encryption_key.#": "0",
                            "id": "test-node-1-index-disk-0-data",
                            "image": "",
                            "label_fingerprint": "42WmSpB8rSM=",
                            "labels.%": "0",
                            "last_attach_timestamp": "",
                            "last_detach_timestamp": "",
                            "name": "test-node-1-index-disk-0-data",
                            "project": "main-testing",
                            "self_link": "https://www.googleapis.com/compute/v1/projects/main-testing/zones/us-central1-a/disks/test-node-1-index-disk-0-data",
                            "size": "5",
                            "snapshot": "",
                            "source_image_encryption_key.#": "0",
                            "source_image_id": "",
                            "source_snapshot_encryption_key.#": "0",
                            "source_snapshot_id": "",
                            "type": "pd-standard",
                            "users.#": "0",
                            "zone": "us-central1-a"
                        },
                        "meta": {
                            "e2bfb730-ecaa-11e6-8f88-34363bc7c4c0": {
                                "create": 300000000000,
                                "delete": 240000000000,
                                "update": 240000000000
                            }
                        },
                        "tainted": false
                    },
                    "deposed": [],
                    "provider": "provider.google"
                },
                "google_compute_disk.test-node-1-index-disk-.1": {
                    "type": "google_compute_disk",
                    "depends_on": [],
                    "primary": {
                        "id": "test-node-1-index-disk-1-data",
                        "attributes": {
                            "creation_timestamp": "2019-02-15T10:24:54.282-08:00",
                            "description": "",
                            "disk_encryption_key.#": "0",
                            "id": "test-node-1-index-disk-1-data",
                            "image": "",
                            "label_fingerprint": "42WmSpB8rSM=",
                            "labels.%": "0",
                            "last_attach_timestamp": "",
                            "last_detach_timestamp": "",
                            "name": "test-node-1-index-disk-1-data",
                            "project": "main-testing",
                            "self_link": "https://www.googleapis.com/compute/v1/projects/main-testing/zones/us-central1-a/disks/test-node-1-index-disk-1-data",
                            "size": "5",
                            "snapshot": "",
                            "source_image_encryption_key.#": "0",
                            "source_image_id": "",
                            "source_snapshot_encryption_key.#": "0",
                            "source_snapshot_id": "",
                            "type": "pd-standard",
                            "users.#": "0",
                            "zone": "us-central1-a"
                        },
                        "meta": {
                            "e2bfb730-ecaa-11e6-8f88-34363bc7c4c0": {
                                "create": 300000000000,
                                "delete": 240000000000,
                                "update": 240000000000
                            }
                        },
                        "tainted": false
                    },
                    "deposed": [],
                    "provider": "provider.google"
                },
                "google_compute_disk.test-node-1-index-disk-.2": {
                    "type": "google_compute_disk",
                    "depends_on": [],
                    "primary": {
                        "id": "test-node-1-index-disk-2-data",
                        "attributes": {
                            "creation_timestamp": "2019-02-15T10:24:54.253-08:00",
                            "description": "",
                            "disk_encryption_key.#": "0",
                            "id": "test-node-1-index-disk-2-data",
                            "image": "",
                            "label_fingerprint": "42WmSpB8rSM=",
                            "labels.%": "0",
                            "last_attach_timestamp": "",
                            "last_detach_timestamp": "",
                            "name": "test-node-1-index-disk-2-data",
                            "project": "main-testing",
                            "self_link": "https://www.googleapis.com/compute/v1/projects/main-testing/zones/us-central1-a/disks/test-node-1-index-disk-2-data",
                            "size": "5",
                            "snapshot": "",
                            "source_image_encryption_key.#": "0",
                            "source_image_id": "",
                            "source_snapshot_encryption_key.#": "0",
                            "source_snapshot_id": "",
                            "type": "pd-standard",
                            "users.#": "0",
                            "zone": "us-central1-a"
                        },
                        "meta": {
                            "e2bfb730-ecaa-11e6-8f88-34363bc7c4c0": {
                                "create": 300000000000,
                                "delete": 240000000000,
                                "update": 240000000000
                            }
                        },
                        "tainted": false
                    },
                    "deposed": [],
                    "provider": "provider.google"
                },
                "google_compute_instance.test-node-.1": {
                    "type": "google_compute_instance",
                    "depends_on": [
                        "google_compute_disk.test-node-1-index-disk-.*"
                    ],
                    "primary": {
                        "id": "test-node-1",
                        "attributes": {
                            "attached_disk.#": "1",
                            "attached_disk.0.device_name": "test-node-1-index-disk-1-data",
                            "attached_disk.0.disk_encryption_key_raw": "",
                            "attached_disk.0.disk_encryption_key_sha256": "",
                            "attached_disk.0.mode": "READ_WRITE",
                            "attached_disk.0.source": "https://www.googleapis.com/compute/v1/projects/main-testing/zones/us-central1-a/disks/test-node-1-index-disk-1-data",
                            "boot_disk.#": "1",
                            "boot_disk.0.auto_delete": "true",
                            "boot_disk.0.device_name": "persistent-disk-0",
                            "boot_disk.0.disk_encryption_key_raw": "",
                            "boot_disk.0.disk_encryption_key_sha256": "",
                            "boot_disk.0.initialize_params.#": "1",
                            "boot_disk.0.initialize_params.0.image": "https://www.googleapis.com/compute/v1/projects/ubuntu-os-cloud/global/images/ubuntu-1804-bionic-v20190212a",
                            "boot_disk.0.initialize_params.0.size": "10",
                            "boot_disk.0.initialize_params.0.type": "pd-standard",
                            "boot_disk.0.source": "https://www.googleapis.com/compute/v1/projects/main-testing/zones/us-central1-a/disks/test-node-1",
                            "can_ip_forward": "false",
                            "cpu_platform": "Intel Sandy Bridge",
                            "deletion_protection": "false",
                            "guest_accelerator.#": "0",
                            "hostname": "",
                            "id": "test-node-1",
                            "instance_id": "8554034178042805523",
                            "label_fingerprint": "42WmSpB8rSM=",
                            "labels.%": "0",
                            "machine_type": "g1-small",
                            "metadata.%": "0",
                            "metadata_fingerprint": "4gYzK7cjDCo=",
                            "metadata_startup_script": "",
                            "min_cpu_platform": "",
                            "name": "test-node-1",
                            "network_interface.#": "1",
                            "network_interface.0.access_config.#": "1",
                            "network_interface.0.access_config.0.assigned_nat_ip": "",
                            "network_interface.0.access_config.0.nat_ip": "35.232.248.92",
                            "network_interface.0.access_config.0.network_tier": "PREMIUM",
                            "network_interface.0.access_config.0.public_ptr_domain_name": "",
                            "network_interface.0.address": "",
                            "network_interface.0.alias_ip_range.#": "0",
                            "network_interface.0.name": "nic0",
                            "network_interface.0.network": "https://www.googleapis.com/compute/v1/projects/main-testing/global/networks/default",
                            "network_interface.0.network_ip": "10.128.0.18",
                            "network_interface.0.subnetwork": "https://www.googleapis.com/compute/v1/projects/main-testing/regions/us-central1/subnetworks/default",
                            "network_interface.0.subnetwork_project": "main-testing",
                            "project": "main-testing",
                            "scheduling.#": "1",
                            "scheduling.0.automatic_restart": "true",
                            "scheduling.0.on_host_maintenance": "MIGRATE",
                            "scheduling.0.preemptible": "false",
                            "scratch_disk.#": "0",
                            "self_link": "https://www.googleapis.com/compute/v1/projects/main-testing/zones/us-central1-a/instances/test-node-1",
                            "service_account.#": "0",
                            "tags.#": "0",
                            "tags_fingerprint": "42WmSpB8rSM=",
                            "zone": "us-central1-a"
                        },
                        "meta": {
                            "e2bfb730-ecaa-11e6-8f88-34363bc7c4c0": {
                                "create": 360000000000,
                                "delete": 360000000000,
                                "update": 360000000000
                            },
                            "schema_version": "6"
                        },
                        "tainted": false
                    },
                    "deposed": [],
                    "provider": "provider.google"
                },
                "google_compute_instance.test-node-.2": {
                    "type": "google_compute_instance",
                    "depends_on": [
                        "google_compute_disk.test-node-1-index-disk-.*"
                    ],
                    "primary": {
                        "id": "test-node-2",
                        "attributes": {
                            "attached_disk.#": "1",
                            "attached_disk.0.device_name": "test-node-1-index-disk-2-data",
                            "attached_disk.0.disk_encryption_key_raw": "",
                            "attached_disk.0.disk_encryption_key_sha256": "",
                            "attached_disk.0.mode": "READ_WRITE",
                            "attached_disk.0.source": "https://www.googleapis.com/compute/v1/projects/main-testing/zones/us-central1-a/disks/test-node-1-index-disk-2-data",
                            "boot_disk.#": "1",
                            "boot_disk.0.auto_delete": "true",
                            "boot_disk.0.device_name": "persistent-disk-0",
                            "boot_disk.0.disk_encryption_key_raw": "",
                            "boot_disk.0.disk_encryption_key_sha256": "",
                            "boot_disk.0.initialize_params.#": "1",
                            "boot_disk.0.initialize_params.0.image": "https://www.googleapis.com/compute/v1/projects/ubuntu-os-cloud/global/images/ubuntu-1804-bionic-v20190212a",
                            "boot_disk.0.initialize_params.0.size": "10",
                            "boot_disk.0.initialize_params.0.type": "pd-standard",
                            "boot_disk.0.source": "https://www.googleapis.com/compute/v1/projects/main-testing/zones/us-central1-a/disks/test-node-2",
                            "can_ip_forward": "false",
                            "cpu_platform": "Intel Sandy Bridge",
                            "deletion_protection": "false",
                            "guest_accelerator.#": "0",
                            "hostname": "",
                            "id": "test-node-2",
                            "instance_id": "4590168857239010578",
                            "label_fingerprint": "42WmSpB8rSM=",
                            "labels.%": "0",
                            "machine_type": "g1-small",
                            "metadata.%": "0",
                            "metadata_fingerprint": "4gYzK7cjDCo=",
                            "metadata_startup_script": "",
                            "min_cpu_platform": "",
                            "name": "test-node-2",
                            "network_interface.#": "1",
                            "network_interface.0.access_config.#": "1",
                            "network_interface.0.access_config.0.assigned_nat_ip": "",
                            "network_interface.0.access_config.0.nat_ip": "35.238.68.101",
                            "network_interface.0.access_config.0.network_tier": "PREMIUM",
                            "network_interface.0.access_config.0.public_ptr_domain_name": "",
                            "network_interface.0.address": "",
                            "network_interface.0.alias_ip_range.#": "0",
                            "network_interface.0.name": "nic0",
                            "network_interface.0.network": "https://www.googleapis.com/compute/v1/projects/main-testing/global/networks/default",
                            "network_interface.0.network_ip": "10.128.0.19",
                            "network_interface.0.subnetwork": "https://www.googleapis.com/compute/v1/projects/main-testing/regions/us-central1/subnetworks/default",
                            "network_interface.0.subnetwork_project": "main-testing",
                            "project": "main-testing",
                            "scheduling.#": "1",
                            "scheduling.0.automatic_restart": "true",
                            "scheduling.0.on_host_maintenance": "MIGRATE",
                            "scheduling.0.preemptible": "false",
                            "scratch_disk.#": "0",
                            "self_link": "https://www.googleapis.com/compute/v1/projects/main-testing/zones/us-central1-a/instances/test-node-2",
                            "service_account.#": "0",
                            "tags.#": "0",
                            "tags_fingerprint": "42WmSpB8rSM=",
                            "zone": "us-central1-a"
                        },
                        "meta": {
                            "e2bfb730-ecaa-11e6-8f88-34363bc7c4c0": {
                                "create": 360000000000,
                                "delete": 360000000000,
                                "update": 360000000000
                            },
                            "schema_version": "6"
                        },
                        "tainted": false
                    },
                    "deposed": [],
                    "provider": "provider.google"
                }
            },
            "depends_on": []
        }
    ]
}
